
Microsoft Visual Studio Solution File, Format Version 12.00
# Visual Studio Version 17
VisualStudioVersion = 17.4.33205.214
MinimumVisualStudioVersion = 10.0.40219.1
Project("{2150E333-8FDC-42A3-9474-1A3956D46DE8}") = "Documents", "Documents", "{DA6C6E02-5BD8-4768-953C-E5A3FD8F4B86}"
	ProjectSection(SolutionItems) = preProject
		steps.txt = steps.txt
	EndProjectSection
EndProject
Project("{FAE04EC0-301F-11D3-BF4B-00C04F79EFBC}") = "SignalRChat", "..\SignalRChat\SignalRChat.csproj", "{35DD901D-B064-4FE7-ACB2-EC5DE85C8AFA}"
EndProject
Global
	GlobalSection(SolutionConfigurationPlatforms) = preSolution
		Debug|Any CPU = Debug|Any CPU
		Release|Any CPU = Release|Any CPU
	EndGlobalSection
	GlobalSection(ProjectConfigurationPlatforms) = postSolution
		{35DD901D-B064-4FE7-ACB2-EC5DE85C8AFA}.Debug|Any CPU.ActiveCfg = Debug|Any CPU
		{35DD901D-B064-4FE7-ACB2-EC5DE85C8AFA}.Debug|Any CPU.Build.0 = Debug|Any CPU
		{35DD901D-B064-4FE7-ACB2-EC5DE85C8AFA}.Release|Any CPU.ActiveCfg = Release|Any CPU
		{35DD901D-B064-4FE7-ACB2-EC5DE85C8AFA}.Release|Any CPU.Build.0 = Release|Any CPU
	EndGlobalSection
	GlobalSection(SolutionProperties) = preSolution
		HideSolutionNode = FALSE
	EndGlobalSection
	GlobalSection(ExtensibilityGlobals) = postSolution
		SolutionGuid = {719D7F0B-4BEE-4F3A-9B52-03416BD4A468}
	EndGlobalSection
EndGlobal
